# THIS IS AN AUTOGENERATED FILE. DO NOT EDIT THIS FILE DIRECTLY.
# yarn lockfile v1


"@babel/runtime-corejs2@^7.0.0":
  version "7.28.4"
  resolved "https://registry.npmjs.org/@babel/runtime-corejs2/-/runtime-corejs2-7.28.4.tgz"
  integrity sha512-chjPHn3p+okNMesTjKU/pnpVT06oiJG1sVDJHTkAwYTCnVdM/2V5LI5xz3Y2y7MNngn8fQ19fpXjV3f9Jqun9w==
  dependencies:
    core-js "^2.6.12"

"@babel/runtime@^7.1.2":
  version "7.28.4"
  resolved "https://registry.npmjs.org/@babel/runtime/-/runtime-7.28.4.tgz"
  integrity sha512-Q/N6JNWvIvPnLDvjlE1OUBLPQHH6l3CltCEsHIujp45zQUSSh8K+gHnaEX45yAT1nyngnINhvWtzN+Nb9D8RAQ==

"@types/cookie@^0.3.1":
  version "0.3.3"
  resolved "https://registry.npmjs.org/@types/cookie/-/cookie-0.3.3.tgz"
  integrity sha512-LKVP3cgXBT9RYj+t+9FDKwS5tdI+rPBXaNSkma7hvqy35lc7mAokC2zsqWJH0LaqIt3B962nuYI77hsJoT1gow==

"@types/hoist-non-react-statics@^3.0.1":
  version "3.0.1"
  resolved "https://registry.npmjs.org/@types/hoist-non-react-statics/-/hoist-non-react-statics-3.0.1.tgz"
  integrity sha512-3wTz66vV+WatOAjMST+hKCmo01KYPFgnsu+QeLcn0FuwPCoymX6aj1a4RvFCdVsfh2m0hfTPhE/zTv4M28ho1Q==
  dependencies:
    "@types/react" "*"

"@types/object-assign@^4.0.30":
  version "4.0.33"
  resolved "https://registry.npmjs.org/@types/object-assign/-/object-assign-4.0.33.tgz"
  integrity sha512-HeuamLPmpVPuJU/oY7z/YGAezy4HFy6mhvzwupi9Xc8n0FKY8tR1/U3AKaOn/I5Mb4dvbw2szSYcXi84eW07TQ==

"@types/prop-types@*":
  version "15.5.6"
  resolved "https://registry.npmjs.org/@types/prop-types/-/prop-types-15.5.6.tgz"
  integrity sha512-ZBFR7TROLVzCkswA3Fmqq+IIJt62/T7aY/Dmz+QkU7CaW2QFqAitCE8Ups7IzmGhcN1YWMBT4Qcoc07jU9hOJQ==

"@types/react@*":
  version "16.7.7"
  resolved "https://registry.npmjs.org/@types/react/-/react-16.7.7.tgz"
  integrity sha512-dJiq7CKxD1XJ/GqmbnsQisFnzG4z5lntKBw9X9qeSrguxFbrrhGa8cK9s0ONBp8wL1EfGfofEDVhjen26U46pw==
  dependencies:
    "@types/prop-types" "*"
    csstype "^2.2.0"

balanced-match@^1.0.0:
  version "1.0.0"
  resolved "https://registry.npmjs.org/balanced-match/-/balanced-match-1.0.0.tgz"
  integrity sha1-ibTRmasr7kneFk6gK4nORi1xt2c=

brace-expansion@^1.1.7:
  version "1.1.12"
  resolved "https://registry.npmjs.org/brace-expansion/-/brace-expansion-1.1.12.tgz"
  integrity sha512-9T9UjW3r0UW5c1Q7GTwllptXwhvYmEzFhzMfZ9H7FQWt+uZePjZPjBP/W1ZEyZ1twGWom5/56TF4lPcqjnDHcg==
  dependencies:
    balanced-match "^1.0.0"
    concat-map "0.0.1"

classnames@^2.2.5:
  version "2.2.6"
  resolved "https://registry.npmjs.org/classnames/-/classnames-2.2.6.tgz"
  integrity sha512-JR/iSQOSt+LQIWwrwEzJ9uk0xfN3mTVYMwt1Ir5mUcSN6pU+V4zQFFaJsclJbPuAUQH+yfWef6tm7l1quW3C8Q==

concat-map@0.0.1:
  version "0.0.1"
  resolved "https://registry.npmjs.org/concat-map/-/concat-map-0.0.1.tgz"
  integrity sha1-2Klr13/Wjfd5OnMDajug1UBdR3s=

cookie@^0.3.1:
  version "0.3.1"
  resolved "https://registry.npmjs.org/cookie/-/cookie-0.3.1.tgz"
  integrity sha512-+IJOX0OqlHCszo2mBUq+SrEbCj6w7Kpffqx60zYbPTFaO4+yYgRjHwcZNpWvaTylDHaV7PPmBHzSecZiMhtPgw==

core-js@^2.6.12:
  version "2.6.12"
  resolved "https://registry.npmjs.org/core-js/-/core-js-2.6.12.tgz"
  integrity sha512-Kb2wC0fvsWfQrgk8HU5lW6U/Lcs8+9aaYcy4ZFc6DDlo4nZ7n70dEgE5rtR0oG6ufKDUnrwfWL1mXR5ljDatrQ==

csstype@^2.2.0:
  version "2.5.7"
  resolved "https://registry.npmjs.org/csstype/-/csstype-2.5.7.tgz"
  integrity sha512-Nt5VDyOTIIV4/nRFswoCKps1R5CD1hkiyjBE9/thNaNZILLEviVw9yWQw15+O+CpNjQKB/uvdcxFFOrSflY3Yw==

dom-helpers@^3.2.0, dom-helpers@^3.2.1, dom-helpers@^3.3.1:
  version "3.4.0"
  resolved "https://registry.npmjs.org/dom-helpers/-/dom-helpers-3.4.0.tgz"
  integrity sha512-LnuPJ+dwqKDIyotW1VzmOZ5TONUN7CwkCR5hrgawTUbkBGYdeoNLZo6nNfGkCrjtE1nXXaj7iMMpDa8/d9WoIA==
  dependencies:
    "@babel/runtime" "^7.1.2"

hoist-non-react-statics@^3.0.0:
  version "3.1.0"
  resolved "https://registry.npmjs.org/hoist-non-react-statics/-/hoist-non-react-statics-3.1.0.tgz"
  integrity sha512-MYcYuROh7SBM69xHGqXEwQqDux34s9tz+sCnxJmN18kgWh6JFdTw/5YdZtqsOdZJXddE/wUpCzfEdDrJj8p0Iw==
  dependencies:
    react-is "^16.3.2"

invariant@^2.2.4:
  version "2.2.4"
  resolved "https://registry.npmjs.org/invariant/-/invariant-2.2.4.tgz"
  integrity sha512-phJfQVBuaJM5raOpJjSfkiD6BpbCE4Ns//LaXl6wGYtUBY83nWS6Rf9tXm2e8VaK60JEjYldbPif/A2B1C2gNA==
  dependencies:
    loose-envify "^1.0.0"

"js-tokens@^3.0.0 || ^4.0.0":
  version "4.0.0"
  resolved "https://registry.npmjs.org/js-tokens/-/js-tokens-4.0.0.tgz"
  integrity sha512-RdJUflcE3cUzKiMqQgsCu06FPu9UdIJO0beYbPhHN4k6apgJtifcoCtT9bcxOpYBtpD2kCM6Sbzg4CausW/PKQ==

keycode@^2.2.0:
  version "2.2.0"
  resolved "https://registry.npmjs.org/keycode/-/keycode-2.2.0.tgz"
  integrity sha1-PQr1bce4uOXLqNCpfxByBO7CKwQ=

loose-envify@^1.0.0, loose-envify@^1.1.0, loose-envify@^1.3.1, loose-envify@^1.4.0:
  version "1.4.0"
  resolved "https://registry.npmjs.org/loose-envify/-/loose-envify-1.4.0.tgz"
  integrity sha512-lyuxPGr/Wfhrlem2CL/UcnUc1zcqKAImBDzukY7Y5F/yQiNdko6+fRLevlw1HgMySw7f611UIY408EtxRSoK3Q==
  dependencies:
    js-tokens "^3.0.0 || ^4.0.0"

minimatch@^3.0.2:
  version "3.0.4"
  resolved "https://registry.npmjs.org/minimatch/-/minimatch-3.0.4.tgz"
  integrity sha512-yJHVQEhyqPLUTgt9B83PXu6W3rx4MvvHvSUvToogpwoGDOUQ+yDrR0HRot+yOCdCO7u4hX3pWft6kWBBcqh0UA==
  dependencies:
    brace-expansion "^1.1.7"

moment@^2.22.2:
  version "2.30.1"
  resolved "https://registry.npmjs.org/moment/-/moment-2.30.1.tgz"
  integrity sha512-uEmtNhbDOrWPFS+hdjFCBfy9f2YoyzRpwcl+DqpC6taX21FzsTLQVbMV/W7PzNSX6x/bhC1zA3c2UQ5NzH6how==

node-dir@^0.1.17:
  version "0.1.17"
  resolved "https://registry.npmjs.org/node-dir/-/node-dir-0.1.17.tgz"
  integrity sha1-X1Zl2TNRM1yqvvjxxVRRbPXx5OU=
  dependencies:
    minimatch "^3.0.2"

object-assign@^4.1.0, object-assign@^4.1.1:
  version "4.1.1"
  resolved "https://registry.npmjs.org/object-assign/-/object-assign-4.1.1.tgz"
  integrity sha1-IQmtx5ZYh8/AXLvUQsrIv7s2CGM=

prop-types-extra@^1.0.1:
  version "1.1.0"
  resolved "https://registry.npmjs.org/prop-types-extra/-/prop-types-extra-1.1.0.tgz"
  integrity sha512-QFyuDxvMipmIVKD2TwxLVPzMnO4e5oOf1vr3tJIomL8E7d0lr6phTHd5nkPhFIzTD1idBLLEPeylL9g+rrTzRg==
  dependencies:
    react-is "^16.3.2"
    warning "^3.0.0"

prop-types@^15.5.10, prop-types@^15.6.1, prop-types@^15.6.2:
  version "15.6.2"
  resolved "https://registry.npmjs.org/prop-types/-/prop-types-15.6.2.tgz"
  integrity sha512-3pboPvLiWD7dkI3qf3KbUe6hKFKa52w+AE0VCqECtf+QHAKgOL37tTaNCnuX1nAAQ4ZhyP+kYVKf8rLmJ/feDQ==
  dependencies:
    loose-envify "^1.3.1"
    object-assign "^4.1.1"

react-bootstrap@^0.32.4:
  version "0.32.4"
  resolved "https://registry.npmjs.org/react-bootstrap/-/react-bootstrap-0.32.4.tgz"
  integrity sha512-xj+JfaPOvnvr3ow0aHC7Y3HaBKZNR1mm361hVxVzVX3fcdJNIrfiodbQ0m9nLBpNxiKG6FTU2lq/SbTDYT2vew==
  dependencies:
    "@babel/runtime-corejs2" "^7.0.0"
    classnames "^2.2.5"
    dom-helpers "^3.2.0"
    invariant "^2.2.4"
    keycode "^2.2.0"
    prop-types "^15.6.1"
    prop-types-extra "^1.0.1"
    react-overlays "^0.8.0"
    react-prop-types "^0.4.0"
    react-transition-group "^2.0.0"
    uncontrollable "^5.0.0"
    warning "^3.0.0"

react-cookie@^3.0.4:
  version "3.1.2"
  resolved "https://registry.npmjs.org/react-cookie/-/react-cookie-3.1.2.tgz"
  integrity sha512-kHBDW7dLiXfvR+lw2ZeH9fMjEM0gf1IwxDXOyXQrf22X5+Ifluyz22HCVFzq1va6FSEHk6hrBbH6oeNLTD2vIQ==
  dependencies:
    "@types/hoist-non-react-statics" "^3.0.1"
    hoist-non-react-statics "^3.0.0"
    universal-cookie "^3.1.0"

"react-dom@^0.14.9 || >=15.3.0", react-dom@^16.6.3, react-dom@>=15.0.0:
  version "16.6.3"
  resolved "https://registry.npmjs.org/react-dom/-/react-dom-16.6.3.tgz"
  integrity sha512-8ugJWRCWLGXy+7PmNh8WJz3g1TaTUt1XyoIcFN+x0Zbkoz+KKdUyx1AQLYJdbFXjuF41Nmjn5+j//rxvhFjgSQ==
  dependencies:
    loose-envify "^1.1.0"
    object-assign "^4.1.1"
    prop-types "^15.6.2"
    scheduler "^0.11.2"

react-is@^16.3.2:
  version "16.6.3"
  resolved "https://registry.npmjs.org/react-is/-/react-is-16.6.3.tgz"
  integrity sha512-u7FDWtthB4rWibG/+mFbVd5FvdI20yde86qKGx4lVUTWmPlSWQ4QxbBIrrs+HnXGbxOUlUzTAP/VDmvCwaP2yA==

react-lifecycles-compat@^3.0.4:
  version "3.0.4"
  resolved "https://registry.npmjs.org/react-lifecycles-compat/-/react-lifecycles-compat-3.0.4.tgz"
  integrity sha512-fBASbA6LnOU9dOU2eW7aQ8xmYBSXUIWr+UmF9b1efZBazGNO+rcXT/icdKnYm2pTwcRylVUYwW7H1PHfLekVzA==

react-overlays@^0.8.0:
  version "0.8.3"
  resolved "https://registry.npmjs.org/react-overlays/-/react-overlays-0.8.3.tgz"
  integrity sha512-h6GT3jgy90PgctleP39Yu3eK1v9vaJAW73GOA/UbN9dJ7aAN4BTZD6793eI1D5U+ukMk17qiqN/wl3diK1Z5LA==
  dependencies:
    classnames "^2.2.5"
    dom-helpers "^3.2.1"
    prop-types "^15.5.10"
    prop-types-extra "^1.0.1"
    react-transition-group "^2.2.0"
    warning "^3.0.0"

react-prop-types@^0.4.0:
  version "0.4.0"
  resolved "https://registry.npmjs.org/react-prop-types/-/react-prop-types-0.4.0.tgz"
  integrity sha1-+ZsL+0AGkpya8gUefBQUpcdbk9A=
  dependencies:
    warning "^3.0.0"

react-transition-group@^2.0.0, react-transition-group@^2.2.0:
  version "2.5.0"
  resolved "https://registry.npmjs.org/react-transition-group/-/react-transition-group-2.5.0.tgz"
  integrity sha512-qYB3JBF+9Y4sE4/Mg/9O6WFpdoYjeeYqx0AFb64PTazVy8RPMiE3A47CG9QmM4WJ/mzDiZYslV+Uly6O1Erlgw==
  dependencies:
    dom-helpers "^3.3.1"
    loose-envify "^1.4.0"
    prop-types "^15.6.2"
    react-lifecycles-compat "^3.0.4"

"react@^0.14.9 || >=15.3.0", react@^16.6.3, "react@>= 16.3.0", react@>=0.14.0, react@>=14.x, react@>=15.0.0:
  version "16.6.3"
  resolved "https://registry.npmjs.org/react/-/react-16.6.3.tgz"
  integrity sha512-zCvmH2vbEolgKxtqXL2wmGCUxUyNheYn/C+PD1YAjfxHC54+MhdruyhO7QieQrYsYeTxrn93PM2y0jRH1zEExw==
  dependencies:
    loose-envify "^1.1.0"
    object-assign "^4.1.1"
    prop-types "^15.6.2"
    scheduler "^0.11.2"

require-context@^1.1.0:
  version "1.1.0"
  resolved "https://registry.npmjs.org/require-context/-/require-context-1.1.0.tgz"
  integrity sha512-nfYSy3Q9W3W1fCo0nief19bDq216IGY9+wOUsmCWAJ5jssyak0r110rvqIj4KJYoUYDxLDaeA66ONOYy4PJEUw==
  dependencies:
    node-dir "^0.1.17"

scheduler@^0.11.2:
  version "0.11.2"
  resolved "https://registry.npmjs.org/scheduler/-/scheduler-0.11.2.tgz"
  integrity sha512-+WCP3s3wOaW4S7C1tl3TEXp4l9lJn0ZK8G3W3WKRWmw77Z2cIFUW2MiNTMHn5sCjxN+t7N43HAOOgMjyAg5hlg==
  dependencies:
    loose-envify "^1.1.0"
    object-assign "^4.1.1"

uncontrollable@^5.0.0:
  version "5.1.0"
  resolved "https://registry.npmjs.org/uncontrollable/-/uncontrollable-5.1.0.tgz"
  integrity sha512-5FXYaFANKaafg4IVZXUNtGyzsnYEvqlr9wQ3WpZxFpEUxl29A3H6Q4G1Dnnorvq9TGOGATBApWR4YpLAh+F5hw==
  dependencies:
    invariant "^2.2.4"

universal-cookie@^3.1.0:
  version "3.1.0"
  resolved "https://registry.npmjs.org/universal-cookie/-/universal-cookie-3.1.0.tgz"
  integrity sha512-sP6WuFgqIUro7ikgI2ndrsw9Ro+YvVBe5O9cQfWnjTicpLaSMUEUUDjQF8m8utzWF2ONl7tRkcZd7v4n6NnzjQ==
  dependencies:
    "@types/cookie" "^0.3.1"
    "@types/object-assign" "^4.0.30"
    cookie "^0.3.1"
    object-assign "^4.1.0"

warning@^3.0.0:
  version "3.0.0"
  resolved "https://registry.npmjs.org/warning/-/warning-3.0.0.tgz"
  integrity sha1-MuU3fLVy3kqwR1O9+IIcAe1gW3w=
  dependencies:
    loose-envify "^1.0.0"
